
Microsoft Visual Studio Solution File, Format Version 12.00
# Visual Studio Version 17
VisualStudioVersion = 17.9.34728.123
MinimumVisualStudioVersion = 10.0.40219.1
Project("{FAE04EC0-301F-11D3-BF4B-00C04F79EFBC}") = "BoxControlAdminTools", "BoxControlAdminTools\BoxControlAdminTools.csproj", "{E55C644A-DD5C-414B-994C-34A650F62FE8}"
EndProject
Global
	GlobalSection(SolutionConfigurationPlatforms) = preSolution
		Debug|Any CPU = Debug|Any CPU
		Release|Any CPU = Release|Any CPU
	EndGlobalSection
	GlobalSection(ProjectConfigurationPlatforms) = postSolution
		{E55C644A-DD5C-414B-994C-34A650F62FE8}.Debug|Any CPU.ActiveCfg = Debug|Any CPU
		{E55C644A-DD5C-414B-994C-34A650F62FE8}.Debug|Any CPU.Build.0 = Debug|Any CPU
		{E55C644A-DD5C-414B-994C-34A650F62FE8}.Release|Any CPU.ActiveCfg = Release|Any CPU
		{E55C644A-DD5C-414B-994C-34A650F62FE8}.Release|Any CPU.Build.0 = Release|Any CPU
	EndGlobalSection
	GlobalSection(SolutionProperties) = preSolution
		HideSolutionNode = FALSE
	EndGlobalSection
	GlobalSection(ExtensibilityGlobals) = postSolution
		SolutionGuid = {D4764036-A631-41C7-85D3-D1465121B2E3}
	EndGlobalSection
EndGlobal
